// !$*UTF8*$!
{
	archiveVersion = 1;
	classes = {
	};
	objectVersion = 52;
	objects = {

/* Begin PBXBuildFile section */
		C60E1168243E562600844CDA /* Template.swift in Sources */ = {isa = PBXBuildFile; fileRef = C60E1167243E562600844CDA /* Template.swift */; };
		C62345AE244B8E04009FDEDA /* CoreML.framework in Frameworks */ = {isa = PBXBuildFile; fileRef = C62345AD244B8E04009FDEDA /* CoreML.framework */; };
		C644842F243FC99F00055535 /* Down in Frameworks */ = {isa = PBXBuildFile; productRef = C644842E243FC99F00055535 /* Down */; };
		C654B8EA2447C99700654EFD /* Pygments.swift in Sources */ = {isa = PBXBuildFile; fileRef = C654B8E92447C99700654EFD /* Pygments.swift */; };
		C68259332440FA5000796048 /* Archive.swift in Sources */ = {isa = PBXBuildFile; fileRef = C68259322440FA5000796048 /* Archive.swift */; };
		C68BB9D4243FBC41003B8DF0 /* LayoutPost.swift in Sources */ = {isa = PBXBuildFile; fileRef = C68BB9D3243FBC41003B8DF0 /* LayoutPost.swift */; };
		C68BB9D6243FBC4E003B8DF0 /* Layout.swift in Sources */ = {isa = PBXBuildFile; fileRef = C68BB9D5243FBC4E003B8DF0 /* Layout.swift */; };
		C68BB9D8243FBD47003B8DF0 /* LayoutPage.swift in Sources */ = {isa = PBXBuildFile; fileRef = C68BB9D7243FBD47003B8DF0 /* LayoutPage.swift */; };
		C697BE70244182A000A40856 /* LayoutDate.swift in Sources */ = {isa = PBXBuildFile; fileRef = C697BE6F244182A000A40856 /* LayoutDate.swift */; };
		C697BE722442DB0A00A40856 /* LayoutRSS.swift in Sources */ = {isa = PBXBuildFile; fileRef = C697BE712442DB0A00A40856 /* LayoutRSS.swift */; };
		C69B5235243D1B2A00794631 /* Category.swift in Sources */ = {isa = PBXBuildFile; fileRef = C69B5234243D1B2A00794631 /* Category.swift */; };
		C6A4BE4A2441727600942F23 /* LayoutCategory.swift in Sources */ = {isa = PBXBuildFile; fileRef = C6A4BE492441727600942F23 /* LayoutCategory.swift */; };
		C6AC9523243C0D3A00B2050E /* main.swift in Sources */ = {isa = PBXBuildFile; fileRef = C6AC9522243C0D3A00B2050E /* main.swift */; };
		C6D3210E248DA4AB004D67D6 /* LayoutJSONFeed.swift in Sources */ = {isa = PBXBuildFile; fileRef = C6D3210D248DA4AB004D67D6 /* LayoutJSONFeed.swift */; };
		C6D51C972497112900FC2880 /* LayoutAtom.swift in Sources */ = {isa = PBXBuildFile; fileRef = C6D51C962497112900FC2880 /* LayoutAtom.swift */; };
		C6D51C9824971E2900FC2880 /* roland in CopyFiles */ = {isa = PBXBuildFile; fileRef = C6AC951F243C0D3A00B2050E /* roland */; };
		C6DD04CD243CEE3900D6B8B7 /* Extensions.swift in Sources */ = {isa = PBXBuildFile; fileRef = C6DD04CC243CEE3900D6B8B7 /* Extensions.swift */; };
		C6DD04CF243CEE5800D6B8B7 /* Website.swift in Sources */ = {isa = PBXBuildFile; fileRef = C6DD04CE243CEE5800D6B8B7 /* Website.swift */; };
		C6DD04D1243CEE7200D6B8B7 /* Post.swift in Sources */ = {isa = PBXBuildFile; fileRef = C6DD04D0243CEE7200D6B8B7 /* Post.swift */; };
		C6DD04D3243CEF0000D6B8B7 /* Page.swift in Sources */ = {isa = PBXBuildFile; fileRef = C6DD04D2243CEF0000D6B8B7 /* Page.swift */; };
		C6EEA3AB2440AC1A000F4EA7 /* ArgumentParser in Frameworks */ = {isa = PBXBuildFile; productRef = C6EEA3AA2440AC1A000F4EA7 /* ArgumentParser */; };
		C6EEA3AD2440D90E000F4EA7 /* LayoutHome.swift in Sources */ = {isa = PBXBuildFile; fileRef = C6EEA3AC2440D90E000F4EA7 /* LayoutHome.swift */; };
/* End PBXBuildFile section */

/* Begin PBXCopyFilesBuildPhase section */
		C6AC951D243C0D3A00B2050E /* CopyFiles */ = {
			isa = PBXCopyFilesBuildPhase;
			buildActionMask = 12;
			dstPath = /usr/local/bin;
			dstSubfolderSpec = 0;
			files = (
				C6D51C9824971E2900FC2880 /* roland in CopyFiles */,
			);
			runOnlyForDeploymentPostprocessing = 0;
		};
/* End PBXCopyFilesBuildPhase section */

/* Begin PBXFileReference section */
		C60E1167243E562600844CDA /* Template.swift */ = {isa = PBXFileReference; lastKnownFileType = sourcecode.swift; path = Template.swift; sourceTree = "<group>"; };
		C62345AD244B8E04009FDEDA /* CoreML.framework */ = {isa = PBXFileReference; lastKnownFileType = wrapper.framework; name = CoreML.framework; path = System/Library/Frameworks/CoreML.framework; sourceTree = SDKROOT; };
		C654B8E92447C99700654EFD /* Pygments.swift */ = {isa = PBXFileReference; lastKnownFileType = sourcecode.swift; path = Pygments.swift; sourceTree = "<group>"; };
		C68259322440FA5000796048 /* Archive.swift */ = {isa = PBXFileReference; lastKnownFileType = sourcecode.swift; path = Archive.swift; sourceTree = "<group>"; };
		C68BB9D3243FBC41003B8DF0 /* LayoutPost.swift */ = {isa = PBXFileReference; lastKnownFileType = sourcecode.swift; path = LayoutPost.swift; sourceTree = "<group>"; };
		C68BB9D5243FBC4E003B8DF0 /* Layout.swift */ = {isa = PBXFileReference; lastKnownFileType = sourcecode.swift; path = Layout.swift; sourceTree = "<group>"; };
		C68BB9D7243FBD47003B8DF0 /* LayoutPage.swift */ = {isa = PBXFileReference; lastKnownFileType = sourcecode.swift; path = LayoutPage.swift; sourceTree = "<group>"; };
		C697BE6F244182A000A40856 /* LayoutDate.swift */ = {isa = PBXFileReference; lastKnownFileType = sourcecode.swift; path = LayoutDate.swift; sourceTree = "<group>"; };
		C697BE712442DB0A00A40856 /* LayoutRSS.swift */ = {isa = PBXFileReference; lastKnownFileType = sourcecode.swift; path = LayoutRSS.swift; sourceTree = "<group>"; };
		C69B5234243D1B2A00794631 /* Category.swift */ = {isa = PBXFileReference; lastKnownFileType = sourcecode.swift; path = Category.swift; sourceTree = "<group>"; };
		C6A4BE492441727600942F23 /* LayoutCategory.swift */ = {isa = PBXFileReference; lastKnownFileType = sourcecode.swift; path = LayoutCategory.swift; sourceTree = "<group>"; };
		C6AC951F243C0D3A00B2050E /* roland */ = {isa = PBXFileReference; explicitFileType = "compiled.mach-o.executable"; includeInIndex = 0; path = roland; sourceTree = BUILT_PRODUCTS_DIR; };
		C6AC9522243C0D3A00B2050E /* main.swift */ = {isa = PBXFileReference; lastKnownFileType = sourcecode.swift; path = main.swift; sourceTree = "<group>"; };
		C6D3210D248DA4AB004D67D6 /* LayoutJSONFeed.swift */ = {isa = PBXFileReference; fileEncoding = 4; lastKnownFileType = sourcecode.swift; path = LayoutJSONFeed.swift; sourceTree = "<group>"; };
		C6D51C962497112900FC2880 /* LayoutAtom.swift */ = {isa = PBXFileReference; fileEncoding = 4; lastKnownFileType = sourcecode.swift; path = LayoutAtom.swift; sourceTree = "<group>"; };
		C6DD04CC243CEE3900D6B8B7 /* Extensions.swift */ = {isa = PBXFileReference; lastKnownFileType = sourcecode.swift; path = Extensions.swift; sourceTree = "<group>"; };
		C6DD04CE243CEE5800D6B8B7 /* Website.swift */ = {isa = PBXFileReference; lastKnownFileType = sourcecode.swift; path = Website.swift; sourceTree = "<group>"; };
		C6DD04D0243CEE7200D6B8B7 /* Post.swift */ = {isa = PBXFileReference; lastKnownFileType = sourcecode.swift; path = Post.swift; sourceTree = "<group>"; };
		C6DD04D2243CEF0000D6B8B7 /* Page.swift */ = {isa = PBXFileReference; lastKnownFileType = sourcecode.swift; path = Page.swift; sourceTree = "<group>"; };
		C6EEA3AC2440D90E000F4EA7 /* LayoutHome.swift */ = {isa = PBXFileReference; lastKnownFileType = sourcecode.swift; path = LayoutHome.swift; sourceTree = "<group>"; };
/* End PBXFileReference section */

/* Begin PBXFrameworksBuildPhase section */
		C6AC951C243C0D3A00B2050E /* Frameworks */ = {
			isa = PBXFrameworksBuildPhase;
			buildActionMask = 2147483647;
			files = (
				C62345AE244B8E04009FDEDA /* CoreML.framework in Frameworks */,
				C6EEA3AB2440AC1A000F4EA7 /* ArgumentParser in Frameworks */,
				C644842F243FC99F00055535 /* Down in Frameworks */,
			);
			runOnlyForDeploymentPostprocessing = 0;
		};
/* End PBXFrameworksBuildPhase section */

/* Begin PBXGroup section */
		C62345AC244B8E04009FDEDA /* Frameworks */ = {
			isa = PBXGroup;
			children = (
				C62345AD244B8E04009FDEDA /* CoreML.framework */,
			);
			name = Frameworks;
			sourceTree = "<group>";
		};
		C654B8E82447C98100654EFD /* Extensions */ = {
			isa = PBXGroup;
			children = (
				C6DD04CC243CEE3900D6B8B7 /* Extensions.swift */,
				C654B8E92447C99700654EFD /* Pygments.swift */,
			);
			path = Extensions;
			sourceTree = "<group>";
		};
		C68BB9D1243FB244003B8DF0 /* Objects */ = {
			isa = PBXGroup;
			children = (
				C6DD04CE243CEE5800D6B8B7 /* Website.swift */,
				C6DD04D0243CEE7200D6B8B7 /* Post.swift */,
				C6DD04D2243CEF0000D6B8B7 /* Page.swift */,
				C69B5234243D1B2A00794631 /* Category.swift */,
				C68259322440FA5000796048 /* Archive.swift */,
				C60E1167243E562600844CDA /* Template.swift */,
			);
			path = Objects;
			sourceTree = "<group>";
		};
		C68BB9D2243FB25B003B8DF0 /* Layouts */ = {
			isa = PBXGroup;
			children = (
				C68BB9D5243FBC4E003B8DF0 /* Layout.swift */,
				C697BE6F244182A000A40856 /* LayoutDate.swift */,
				C68BB9D3243FBC41003B8DF0 /* LayoutPost.swift */,
				C68BB9D7243FBD47003B8DF0 /* LayoutPage.swift */,
				C6EEA3AC2440D90E000F4EA7 /* LayoutHome.swift */,
				C6A4BE492441727600942F23 /* LayoutCategory.swift */,
				C697BE712442DB0A00A40856 /* LayoutRSS.swift */,
				C6D51C962497112900FC2880 /* LayoutAtom.swift */,
				C6D3210D248DA4AB004D67D6 /* LayoutJSONFeed.swift */,
			);
			path = Layouts;
			sourceTree = "<group>";
		};
		C6AC9516243C0D3A00B2050E = {
			isa = PBXGroup;
			children = (
				C6AC9521243C0D3A00B2050E /* roland */,
				C6AC9520243C0D3A00B2050E /* Products */,
				C62345AC244B8E04009FDEDA /* Frameworks */,
			);
			sourceTree = "<group>";
		};
		C6AC9520243C0D3A00B2050E /* Products */ = {
			isa = PBXGroup;
			children = (
				C6AC951F243C0D3A00B2050E /* roland */,
			);
			name = Products;
			sourceTree = "<group>";
		};
		C6AC9521243C0D3A00B2050E /* roland */ = {
			isa = PBXGroup;
			children = (
				C6AC9522243C0D3A00B2050E /* main.swift */,
				C68BB9D1243FB244003B8DF0 /* Objects */,
				C68BB9D2243FB25B003B8DF0 /* Layouts */,
				C654B8E82447C98100654EFD /* Extensions */,
			);
			path = roland;
			sourceTree = "<group>";
		};
/* End PBXGroup section */

/* Begin PBXNativeTarget section */
		C6AC951E243C0D3A00B2050E /* roland */ = {
			isa = PBXNativeTarget;
			buildConfigurationList = C6AC9526243C0D3A00B2050E /* Build configuration list for PBXNativeTarget "roland" */;
			buildPhases = (
				C6AC951B243C0D3A00B2050E /* Sources */,
				C6AC951C243C0D3A00B2050E /* Frameworks */,
				C6AC951D243C0D3A00B2050E /* CopyFiles */,
			);
			buildRules = (
			);
			dependencies = (
			);
			name = roland;
			packageProductDependencies = (
				C644842E243FC99F00055535 /* Down */,
				C6EEA3AA2440AC1A000F4EA7 /* ArgumentParser */,
			);
			productName = roland;
			productReference = C6AC951F243C0D3A00B2050E /* roland */;
			productType = "com.apple.product-type.tool";
		};
/* End PBXNativeTarget section */

/* Begin PBXProject section */
		C6AC9517243C0D3A00B2050E /* Project object */ = {
			isa = PBXProject;
			attributes = {
				LastSwiftUpdateCheck = 1140;
				LastUpgradeCheck = 1140;
				ORGANIZATIONNAME = "Tyler Hall";
				TargetAttributes = {
					C6AC951E243C0D3A00B2050E = {
						CreatedOnToolsVersion = 11.4;
					};
				};
			};
			buildConfigurationList = C6AC951A243C0D3A00B2050E /* Build configuration list for PBXProject "roland" */;
			compatibilityVersion = "Xcode 9.3";
			developmentRegion = en;
			hasScannedForEncodings = 0;
			knownRegions = (
				en,
				Base,
			);
			mainGroup = C6AC9516243C0D3A00B2050E;
			packageReferences = (
				C644842D243FC99F00055535 /* XCRemoteSwiftPackageReference "Down" */,
				C6EEA3A92440AC1A000F4EA7 /* XCRemoteSwiftPackageReference "swift-argument-parser" */,
			);
			productRefGroup = C6AC9520243C0D3A00B2050E /* Products */;
			projectDirPath = "";
			projectRoot = "";
			targets = (
				C6AC951E243C0D3A00B2050E /* roland */,
			);
		};
/* End PBXProject section */

/* Begin PBXSourcesBuildPhase section */
		C6AC951B243C0D3A00B2050E /* Sources */ = {
			isa = PBXSourcesBuildPhase;
			buildActionMask = 2147483647;
			files = (
				C654B8EA2447C99700654EFD /* Pygments.swift in Sources */,
				C6AC9523243C0D3A00B2050E /* main.swift in Sources */,
				C6DD04CD243CEE3900D6B8B7 /* Extensions.swift in Sources */,
				C68BB9D8243FBD47003B8DF0 /* LayoutPage.swift in Sources */,
				C6DD04CF243CEE5800D6B8B7 /* Website.swift in Sources */,
				C6D3210E248DA4AB004D67D6 /* LayoutJSONFeed.swift in Sources */,
				C6DD04D1243CEE7200D6B8B7 /* Post.swift in Sources */,
				C6A4BE4A2441727600942F23 /* LayoutCategory.swift in Sources */,
				C60E1168243E562600844CDA /* Template.swift in Sources */,
				C68BB9D6243FBC4E003B8DF0 /* Layout.swift in Sources */,
				C6D51C972497112900FC2880 /* LayoutAtom.swift in Sources */,
				C6DD04D3243CEF0000D6B8B7 /* Page.swift in Sources */,
				C69B5235243D1B2A00794631 /* Category.swift in Sources */,
				C68BB9D4243FBC41003B8DF0 /* LayoutPost.swift in Sources */,
				C68259332440FA5000796048 /* Archive.swift in Sources */,
				C6EEA3AD2440D90E000F4EA7 /* LayoutHome.swift in Sources */,
				C697BE70244182A000A40856 /* LayoutDate.swift in Sources */,
				C697BE722442DB0A00A40856 /* LayoutRSS.swift in Sources */,
			);
			runOnlyForDeploymentPostprocessing = 0;
		};
/* End PBXSourcesBuildPhase section */

/* Begin XCBuildConfiguration section */
		C6AC9524243C0D3A00B2050E /* Debug */ = {
			isa = XCBuildConfiguration;
			buildSettings = {
				ALWAYS_SEARCH_USER_PATHS = NO;
				CLANG_ANALYZER_NONNULL = YES;
				CLANG_ANALYZER_NUMBER_OBJECT_CONVERSION = YES_AGGRESSIVE;
				CLANG_CXX_LANGUAGE_STANDARD = "gnu++14";
				CLANG_CXX_LIBRARY = "libc++";
				CLANG_ENABLE_MODULES = YES;
				CLANG_ENABLE_OBJC_ARC = YES;
				CLANG_ENABLE_OBJC_WEAK = YES;
				CLANG_WARN_BLOCK_CAPTURE_AUTORELEASING = YES;
				CLANG_WARN_BOOL_CONVERSION = YES;
				CLANG_WARN_COMMA = YES;
				CLANG_WARN_CONSTANT_CONVERSION = YES;
				CLANG_WARN_DEPRECATED_OBJC_IMPLEMENTATIONS = YES;
				CLANG_WARN_DIRECT_OBJC_ISA_USAGE = YES_ERROR;
				CLANG_WARN_DOCUMENTATION_COMMENTS = YES;
				CLANG_WARN_EMPTY_BODY = YES;
				CLANG_WARN_ENUM_CONVERSION = YES;
				CLANG_WARN_INFINITE_RECURSION = YES;
				CLANG_WARN_INT_CONVERSION = YES;
				CLANG_WARN_NON_LITERAL_NULL_CONVERSION = YES;
				CLANG_WARN_OBJC_IMPLICIT_RETAIN_SELF = YES;
				CLANG_WARN_OBJC_LITERAL_CONVERSION = YES;
				CLANG_WARN_OBJC_ROOT_CLASS = YES_ERROR;
				CLANG_WARN_RANGE_LOOP_ANALYSIS = YES;
				CLANG_WARN_STRICT_PROTOTYPES = YES;
				CLANG_WARN_SUSPICIOUS_MOVE = YES;
				CLANG_WARN_UNGUARDED_AVAILABILITY = YES_AGGRESSIVE;
				CLANG_WARN_UNREACHABLE_CODE = YES;
				CLANG_WARN__DUPLICATE_METHOD_MATCH = YES;
				COPY_PHASE_STRIP = NO;
				DEBUG_INFORMATION_FORMAT = dwarf;
				ENABLE_STRICT_OBJC_MSGSEND = YES;
				ENABLE_TESTABILITY = YES;
				GCC_C_LANGUAGE_STANDARD = gnu11;
				GCC_DYNAMIC_NO_PIC = NO;
				GCC_NO_COMMON_BLOCKS = YES;
				GCC_OPTIMIZATION_LEVEL = 0;
				GCC_PREPROCESSOR_DEFINITIONS = (
					"DEBUG=1",
					"$(inherited)",
				);
				GCC_WARN_64_TO_32_BIT_CONVERSION = YES;
				GCC_WARN_ABOUT_RETURN_TYPE = YES_ERROR;
				GCC_WARN_UNDECLARED_SELECTOR = YES;
				GCC_WARN_UNINITIALIZED_AUTOS = YES_AGGRESSIVE;
				GCC_WARN_UNUSED_FUNCTION = YES;
				GCC_WARN_UNUSED_VARIABLE = YES;
				MACOSX_DEPLOYMENT_TARGET = 10.15;
				MTL_ENABLE_DEBUG_INFO = INCLUDE_SOURCE;
				MTL_FAST_MATH = YES;
				ONLY_ACTIVE_ARCH = YES;
				SDKROOT = macosx;
				SWIFT_ACTIVE_COMPILATION_CONDITIONS = DEBUG;
				SWIFT_OPTIMIZATION_LEVEL = "-Onone";
			};
			name = Debug;
		};
		C6AC9525243C0D3A00B2050E /* Release */ = {
			isa = XCBuildConfiguration;
			buildSettings = {
				ALWAYS_SEARCH_USER_PATHS = NO;
				CLANG_ANALYZER_NONNULL = YES;
				CLANG_ANALYZER_NUMBER_OBJECT_CONVERSION = YES_AGGRESSIVE;
				CLANG_CXX_LANGUAGE_STANDARD = "gnu++14";
				CLANG_CXX_LIBRARY = "libc++";
				CLANG_ENABLE_MODULES = YES;
				CLANG_ENABLE_OBJC_ARC = YES;
				CLANG_ENABLE_OBJC_WEAK = YES;
				CLANG_WARN_BLOCK_CAPTURE_AUTORELEASING = YES;
				CLANG_WARN_BOOL_CONVERSION = YES;
				CLANG_WARN_COMMA = YES;
				CLANG_WARN_CONSTANT_CONVERSION = YES;
				CLANG_WARN_DEPRECATED_OBJC_IMPLEMENTATIONS = YES;
				CLANG_WARN_DIRECT_OBJC_ISA_USAGE = YES_ERROR;
				CLANG_WARN_DOCUMENTATION_COMMENTS = YES;
				CLANG_WARN_EMPTY_BODY = YES;
				CLANG_WARN_ENUM_CONVERSION = YES;
				CLANG_WARN_INFINITE_RECURSION = YES;
				CLANG_WARN_INT_CONVERSION = YES;
				CLANG_WARN_NON_LITERAL_NULL_CONVERSION = YES;
				CLANG_WARN_OBJC_IMPLICIT_RETAIN_SELF = YES;
				CLANG_WARN_OBJC_LITERAL_CONVERSION = YES;
				CLANG_WARN_OBJC_ROOT_CLASS = YES_ERROR;
				CLANG_WARN_RANGE_LOOP_ANALYSIS = YES;
				CLANG_WARN_STRICT_PROTOTYPES = YES;
				CLANG_WARN_SUSPICIOUS_MOVE = YES;
				CLANG_WARN_UNGUARDED_AVAILABILITY = YES_AGGRESSIVE;
				CLANG_WARN_UNREACHABLE_CODE = YES;
				CLANG_WARN__DUPLICATE_METHOD_MATCH = YES;
				COPY_PHASE_STRIP = NO;
				DEBUG_INFORMATION_FORMAT = "dwarf-with-dsym";
				ENABLE_NS_ASSERTIONS = NO;
				ENABLE_STRICT_OBJC_MSGSEND = YES;
				GCC_C_LANGUAGE_STANDARD = gnu11;
				GCC_NO_COMMON_BLOCKS = YES;
				GCC_WARN_64_TO_32_BIT_CONVERSION = YES;
				GCC_WARN_ABOUT_RETURN_TYPE = YES_ERROR;
				GCC_WARN_UNDECLARED_SELECTOR = YES;
				GCC_WARN_UNINITIALIZED_AUTOS = YES_AGGRESSIVE;
				GCC_WARN_UNUSED_FUNCTION = YES;
				GCC_WARN_UNUSED_VARIABLE = YES;
				MACOSX_DEPLOYMENT_TARGET = 10.15;
				MTL_ENABLE_DEBUG_INFO = NO;
				MTL_FAST_MATH = YES;
				SDKROOT = macosx;
				SWIFT_COMPILATION_MODE = wholemodule;
				SWIFT_OPTIMIZATION_LEVEL = "-O";
			};
			name = Release;
		};
		C6AC9527243C0D3A00B2050E /* Debug */ = {
			isa = XCBuildConfiguration;
			buildSettings = {
				CODE_SIGN_STYLE = Automatic;
				DEVELOPMENT_TEAM = 3A6K89K388;
				ENABLE_HARDENED_RUNTIME = YES;
				MACOSX_DEPLOYMENT_TARGET = 10.14;
				PRODUCT_NAME = "$(TARGET_NAME)";
				SWIFT_VERSION = 5.0;
				VERSIONING_SYSTEM = "apple-generic";
			};
			name = Debug;
		};
		C6AC9528243C0D3A00B2050E /* Release */ = {
			isa = XCBuildConfiguration;
			buildSettings = {
				CODE_SIGN_STYLE = Automatic;
				DEVELOPMENT_TEAM = 3A6K89K388;
				ENABLE_HARDENED_RUNTIME = YES;
				MACOSX_DEPLOYMENT_TARGET = 10.14;
				PRODUCT_NAME = "$(TARGET_NAME)";
				SWIFT_VERSION = 5.0;
				VERSIONING_SYSTEM = "apple-generic";
			};
			name = Release;
		};
/* End XCBuildConfiguration section */

/* Begin XCConfigurationList section */
		C6AC951A243C0D3A00B2050E /* Build configuration list for PBXProject "roland" */ = {
			isa = XCConfigurationList;
			buildConfigurations = (
				C6AC9524243C0D3A00B2050E /* Debug */,
				C6AC9525243C0D3A00B2050E /* Release */,
			);
			defaultConfigurationIsVisible = 0;
			defaultConfigurationName = Release;
		};
		C6AC9526243C0D3A00B2050E /* Build configuration list for PBXNativeTarget "roland" */ = {
			isa = XCConfigurationList;
			buildConfigurations = (
				C6AC9527243C0D3A00B2050E /* Debug */,
				C6AC9528243C0D3A00B2050E /* Release */,
			);
			defaultConfigurationIsVisible = 0;
			defaultConfigurationName = Release;
		};
/* End XCConfigurationList section */

/* Begin XCRemoteSwiftPackageReference section */
		C644842D243FC99F00055535 /* XCRemoteSwiftPackageReference "Down" */ = {
			isa = XCRemoteSwiftPackageReference;
			repositoryURL = "https://github.com/iwasrobbed/Down.git";
			requirement = {
				kind = upToNextMajorVersion;
				minimumVersion = 0.9.2;
			};
		};
		C6EEA3A92440AC1A000F4EA7 /* XCRemoteSwiftPackageReference "swift-argument-parser" */ = {
			isa = XCRemoteSwiftPackageReference;
			repositoryURL = "https://github.com/apple/swift-argument-parser";
			requirement = {
				kind = upToNextMinorVersion;
				minimumVersion = 0.0.4;
			};
		};
/* End XCRemoteSwiftPackageReference section */

/* Begin XCSwiftPackageProductDependency section */
		C644842E243FC99F00055535 /* Down */ = {
			isa = XCSwiftPackageProductDependency;
			package = C644842D243FC99F00055535 /* XCRemoteSwiftPackageReference "Down" */;
			productName = Down;
		};
		C6EEA3AA2440AC1A000F4EA7 /* ArgumentParser */ = {
			isa = XCSwiftPackageProductDependency;
			package = C6EEA3A92440AC1A000F4EA7 /* XCRemoteSwiftPackageReference "swift-argument-parser" */;
			productName = ArgumentParser;
		};
/* End XCSwiftPackageProductDependency section */
	};
	rootObject = C6AC9517243C0D3A00B2050E /* Project object */;
}
